
Microsoft Visual Studio Solution File, Format Version 12.00
# Visual Studio Version 17
VisualStudioVersion = 17.11.35327.3
MinimumVisualStudioVersion = 10.0.40219.1
Project("{FAE04EC0-301F-11D3-BF4B-00C04F79EFBC}") = "QscriptNt", "Qscript\QscriptNt.csproj", "{F48CB488-6A63-4C50-AF73-B81CF0E96F05}"
EndProject
Project("{FAE04EC0-301F-11D3-BF4B-00C04F79EFBC}") = "QSicon", "QSicon\QSicon.csproj", "{6F3F287F-A383-44DE-BBDB-540DB3DB1D1F}"
EndProject
Project("{2150E333-8FDC-42A3-9474-1A3956D46DE8}") = "Элементы решения", "Элементы решения", "{4F5F471A-1B5F-42EB-81B5-DE419D8C011F}"
	ProjectSection(SolutionItems) = preProject
		doc.txt = doc.txt
	EndProjectSection
EndProject
Project("{9A19103F-16F7-4668-BE54-9A1E7A4F7556}") = "QASM", "QASM\QASM.csproj", "{076939A8-35B9-48DE-B8A3-42865ADE88A9}"
EndProject
Project("{FAE04EC0-301F-11D3-BF4B-00C04F79EFBC}") = "qsr", "qsr\qsr.csproj", "{D7476713-95C7-4851-ADD0-731649E17C7C}"
EndProject
Global
	GlobalSection(SolutionConfigurationPlatforms) = preSolution
		Debug|Any CPU = Debug|Any CPU
		Release|Any CPU = Release|Any CPU
	EndGlobalSection
	GlobalSection(ProjectConfigurationPlatforms) = postSolution
		{F48CB488-6A63-4C50-AF73-B81CF0E96F05}.Debug|Any CPU.ActiveCfg = Debug|Any CPU
		{F48CB488-6A63-4C50-AF73-B81CF0E96F05}.Debug|Any CPU.Build.0 = Debug|Any CPU
		{F48CB488-6A63-4C50-AF73-B81CF0E96F05}.Release|Any CPU.ActiveCfg = Release|Any CPU
		{F48CB488-6A63-4C50-AF73-B81CF0E96F05}.Release|Any CPU.Build.0 = Release|Any CPU
		{6F3F287F-A383-44DE-BBDB-540DB3DB1D1F}.Debug|Any CPU.ActiveCfg = Debug|Any CPU
		{6F3F287F-A383-44DE-BBDB-540DB3DB1D1F}.Release|Any CPU.ActiveCfg = Release|Any CPU
		{076939A8-35B9-48DE-B8A3-42865ADE88A9}.Debug|Any CPU.ActiveCfg = Debug|Any CPU
		{076939A8-35B9-48DE-B8A3-42865ADE88A9}.Release|Any CPU.ActiveCfg = Release|Any CPU
		{D7476713-95C7-4851-ADD0-731649E17C7C}.Debug|Any CPU.ActiveCfg = Debug|Any CPU
		{D7476713-95C7-4851-ADD0-731649E17C7C}.Debug|Any CPU.Build.0 = Debug|Any CPU
		{D7476713-95C7-4851-ADD0-731649E17C7C}.Release|Any CPU.ActiveCfg = Release|Any CPU
		{D7476713-95C7-4851-ADD0-731649E17C7C}.Release|Any CPU.Build.0 = Release|Any CPU
	EndGlobalSection
	GlobalSection(SolutionProperties) = preSolution
		HideSolutionNode = FALSE
	EndGlobalSection
	GlobalSection(ExtensibilityGlobals) = postSolution
		SolutionGuid = {B0632383-B879-451A-A418-1891E55A6CF9}
	EndGlobalSection
EndGlobal
